{
  "nodes": {
    "fret-src": {
      "flake": false,
      "locked": {
        "lastModified": 1775833441,
        "narHash": "sha256-rG2LyCz4KBleSyhJMNUXbhPTOdzqxmi1PcdvbfO6xFs=",
        "owner": "NASA-SW-VnV",
        "repo": "fret",
        "rev": "cf0f913cc15c41705e803593297e89cd6056b839",
        "type": "github"
      },
      "original": {
        "owner": "NASA-SW-VnV",
        "repo": "fret",
        "type": "github"
      }
    },
    "levers": {
      "inputs": {
        "nixpkgs": [
          "nixpkgs"
        ]
      },
      "locked": {
        "lastModified": 1768050190,
        "narHash": "sha256-xjWlwQpodI/YA/92fFjWAM7MQeUjNkP6FIUv8RyT41g=",
        "owner": "kquick",
        "repo": "nix-levers",
        "rev": "1ba59d23c84bf0699b4a82ffcf154ec832ffabeb",
        "type": "github"
      },
      "original": {
        "owner": "kquick",
        "repo": "nix-levers",
        "type": "github"
      }
    },
    "nixpkgs": {
      "locked": {
        "lastModified": 1776949667,
        "narHash": "sha256-GMSVw35Q+294GlrTUKlx087E31z7KurReQ1YHSKp5iw=",
        "owner": "nixos",
        "repo": "nixpkgs",
        "rev": "01fbdeef22b76df85ea168fbfe1bfd9e63681b30",
        "type": "github"
      },
      "original": {
        "owner": "nixos",
        "ref": "nixpkgs-unstable",
        "repo": "nixpkgs",
        "type": "github"
      }
    },
    "root": {
      "inputs": {
        "fret-src": "fret-src",
        "levers": "levers",
        "nixpkgs": "nixpkgs"
      }
    }
  },
  "root": "root",
  "version": 7
}
